
Microsoft Visual Studio Solution File, Format Version 12.00
# Visual Studio Version 17
VisualStudioVersion = 17.5.33516.290
MinimumVisualStudioVersion = 10.0.40219.1
Project("{FAE04EC0-301F-11D3-BF4B-00C04F79EFBC}") = "PH1", "PH1\PH1.csproj", "{1DAFF356-71B7-4ECC-8C54-FBA22821208E}"
EndProject
Global
	GlobalSection(SolutionConfigurationPlatforms) = preSolution
		Debug|Any CPU = Debug|Any CPU
		Release|Any CPU = Release|Any CPU
	EndGlobalSection
	GlobalSection(ProjectConfigurationPlatforms) = postSolution
		{1DAFF356-71B7-4ECC-8C54-FBA22821208E}.Debug|Any CPU.ActiveCfg = Debug|Any CPU
		{1DAFF356-71B7-4ECC-8C54-FBA22821208E}.Debug|Any CPU.Build.0 = Debug|Any CPU
		{1DAFF356-71B7-4ECC-8C54-FBA22821208E}.Release|Any CPU.ActiveCfg = Release|Any CPU
		{1DAFF356-71B7-4ECC-8C54-FBA22821208E}.Release|Any CPU.Build.0 = Release|Any CPU
	EndGlobalSection
	GlobalSection(SolutionProperties) = preSolution
		HideSolutionNode = FALSE
	EndGlobalSection
	GlobalSection(ExtensibilityGlobals) = postSolution
		SolutionGuid = {7BEF6ABC-2F4E-4F1C-AF6C-95AD855CD794}
	EndGlobalSection
EndGlobal
