
Microsoft Visual Studio Solution File, Format Version 12.00
# Visual Studio Version 17
VisualStudioVersion = 17.5.33516.290
MinimumVisualStudioVersion = 10.0.40219.1
Project("{FAE04EC0-301F-11D3-BF4B-00C04F79EFBC}") = "App", "App\App.csproj", "{B2EC947B-7218-44A9-BC30-C8B205B52E13}"
EndProject
Global
	GlobalSection(SolutionConfigurationPlatforms) = preSolution
		Debug|Any CPU = Debug|Any CPU
		Release|Any CPU = Release|Any CPU
	EndGlobalSection
	GlobalSection(ProjectConfigurationPlatforms) = postSolution
		{B2EC947B-7218-44A9-BC30-C8B205B52E13}.Debug|Any CPU.ActiveCfg = Debug|Any CPU
		{B2EC947B-7218-44A9-BC30-C8B205B52E13}.Debug|Any CPU.Build.0 = Debug|Any CPU
		{B2EC947B-7218-44A9-BC30-C8B205B52E13}.Release|Any CPU.ActiveCfg = Release|Any CPU
		{B2EC947B-7218-44A9-BC30-C8B205B52E13}.Release|Any CPU.Build.0 = Release|Any CPU
	EndGlobalSection
	GlobalSection(SolutionProperties) = preSolution
		HideSolutionNode = FALSE
	EndGlobalSection
	GlobalSection(ExtensibilityGlobals) = postSolution
		SolutionGuid = {8BCED939-32B8-47EF-9014-A6B7E276E497}
	EndGlobalSection
EndGlobal
